// !$*UTF8*$!
{
	archiveVersion = 1;
	classes = {
	};
	objectVersion = 55;
	objects = {

/* Begin PBXBuildFile section */
		A234B44228512298006F444B /* SearchViewController.swift in Sources */ = {isa = PBXBuildFile; fileRef = A234B44128512298006F444B /* SearchViewController.swift */; };
		A234B444285122C9006F444B /* TabBarViewController.swift in Sources */ = {isa = PBXBuildFile; fileRef = A234B443285122C9006F444B /* TabBarViewController.swift */; };
		A234B446285122FE006F444B /* LibraryViewController.swift in Sources */ = {isa = PBXBuildFile; fileRef = A234B445285122FE006F444B /* LibraryViewController.swift */; };
		A234B44A2851235A006F444B /* AuthViewController.swift in Sources */ = {isa = PBXBuildFile; fileRef = A234B4492851235A006F444B /* AuthViewController.swift */; };
		A234B44C28512396006F444B /* WelcomeViewController.swift in Sources */ = {isa = PBXBuildFile; fileRef = A234B44B28512396006F444B /* WelcomeViewController.swift */; };
		A234B44E285123CA006F444B /* SettingsViewController.swift in Sources */ = {isa = PBXBuildFile; fileRef = A234B44D285123CA006F444B /* SettingsViewController.swift */; };
		A234B450285123FC006F444B /* ProfileViewController.swift in Sources */ = {isa = PBXBuildFile; fileRef = A234B44F285123FC006F444B /* ProfileViewController.swift */; };
		A234B45228512416006F444B /* PlayerViewController.swift in Sources */ = {isa = PBXBuildFile; fileRef = A234B45128512416006F444B /* PlayerViewController.swift */; };
		A234B4542851243D006F444B /* PlaylistViewController.swift in Sources */ = {isa = PBXBuildFile; fileRef = A234B4532851243D006F444B /* PlaylistViewController.swift */; };
		A234B45628512465006F444B /* SearchResultsViewController.swift in Sources */ = {isa = PBXBuildFile; fileRef = A234B45528512465006F444B /* SearchResultsViewController.swift */; };
		A234B458285124B7006F444B /* AuthManager.swift in Sources */ = {isa = PBXBuildFile; fileRef = A234B457285124B7006F444B /* AuthManager.swift */; };
		A234B45A285124C1006F444B /* APICaller.swift in Sources */ = {isa = PBXBuildFile; fileRef = A234B459285124C1006F444B /* APICaller.swift */; };
		A234B45C285124D0006F444B /* HapticsManager.swift in Sources */ = {isa = PBXBuildFile; fileRef = A234B45B285124D0006F444B /* HapticsManager.swift */; };
		A234B45E28512523006F444B /* Artist.swift in Sources */ = {isa = PBXBuildFile; fileRef = A234B45D28512523006F444B /* Artist.swift */; };
		A234B4602851252E006F444B /* AudioTrack.swift in Sources */ = {isa = PBXBuildFile; fileRef = A234B45F2851252E006F444B /* AudioTrack.swift */; };
		A234B46228512535006F444B /* Playlist.swift in Sources */ = {isa = PBXBuildFile; fileRef = A234B46128512535006F444B /* Playlist.swift */; };
		A234B46428512543006F444B /* UserProfile.swift in Sources */ = {isa = PBXBuildFile; fileRef = A234B46328512543006F444B /* UserProfile.swift */; };
		A2461C29284FC8C700CE27D8 /* AppDelegate.swift in Sources */ = {isa = PBXBuildFile; fileRef = A2461C28284FC8C700CE27D8 /* AppDelegate.swift */; };
		A2461C2B284FC8C700CE27D8 /* SceneDelegate.swift in Sources */ = {isa = PBXBuildFile; fileRef = A2461C2A284FC8C700CE27D8 /* SceneDelegate.swift */; };
		A2461C2D284FC8C700CE27D8 /* HomeViewController.swift in Sources */ = {isa = PBXBuildFile; fileRef = A2461C2C284FC8C700CE27D8 /* HomeViewController.swift */; };
		A2461C32284FC8C900CE27D8 /* Assets.xcassets in Resources */ = {isa = PBXBuildFile; fileRef = A2461C31284FC8C900CE27D8 /* Assets.xcassets */; };
		A2461C35284FC8C900CE27D8 /* LaunchScreen.storyboard in Resources */ = {isa = PBXBuildFile; fileRef = A2461C33284FC8C900CE27D8 /* LaunchScreen.storyboard */; };
/* End PBXBuildFile section */

/* Begin PBXFileReference section */
		A234B44128512298006F444B /* SearchViewController.swift */ = {isa = PBXFileReference; lastKnownFileType = sourcecode.swift; path = SearchViewController.swift; sourceTree = "<group>"; };
		A234B443285122C9006F444B /* TabBarViewController.swift */ = {isa = PBXFileReference; lastKnownFileType = sourcecode.swift; path = TabBarViewController.swift; sourceTree = "<group>"; };
		A234B445285122FE006F444B /* LibraryViewController.swift */ = {isa = PBXFileReference; lastKnownFileType = sourcecode.swift; path = LibraryViewController.swift; sourceTree = "<group>"; };
		A234B4492851235A006F444B /* AuthViewController.swift */ = {isa = PBXFileReference; lastKnownFileType = sourcecode.swift; path = AuthViewController.swift; sourceTree = "<group>"; };
		A234B44B28512396006F444B /* WelcomeViewController.swift */ = {isa = PBXFileReference; lastKnownFileType = sourcecode.swift; path = WelcomeViewController.swift; sourceTree = "<group>"; };
		A234B44D285123CA006F444B /* SettingsViewController.swift */ = {isa = PBXFileReference; lastKnownFileType = sourcecode.swift; path = SettingsViewController.swift; sourceTree = "<group>"; };
		A234B44F285123FC006F444B /* ProfileViewController.swift */ = {isa = PBXFileReference; lastKnownFileType = sourcecode.swift; path = ProfileViewController.swift; sourceTree = "<group>"; };
		A234B45128512416006F444B /* PlayerViewController.swift */ = {isa = PBXFileReference; lastKnownFileType = sourcecode.swift; path = PlayerViewController.swift; sourceTree = "<group>"; };
		A234B4532851243D006F444B /* PlaylistViewController.swift */ = {isa = PBXFileReference; lastKnownFileType = sourcecode.swift; path = PlaylistViewController.swift; sourceTree = "<group>"; };
		A234B45528512465006F444B /* SearchResultsViewController.swift */ = {isa = PBXFileReference; lastKnownFileType = sourcecode.swift; path = SearchResultsViewController.swift; sourceTree = "<group>"; };
		A234B457285124B7006F444B /* AuthManager.swift */ = {isa = PBXFileReference; lastKnownFileType = sourcecode.swift; path = AuthManager.swift; sourceTree = "<group>"; };
		A234B459285124C1006F444B /* APICaller.swift */ = {isa = PBXFileReference; lastKnownFileType = sourcecode.swift; path = APICaller.swift; sourceTree = "<group>"; };
		A234B45B285124D0006F444B /* HapticsManager.swift */ = {isa = PBXFileReference; lastKnownFileType = sourcecode.swift; path = HapticsManager.swift; sourceTree = "<group>"; };
		A234B45D28512523006F444B /* Artist.swift */ = {isa = PBXFileReference; lastKnownFileType = sourcecode.swift; path = Artist.swift; sourceTree = "<group>"; };
		A234B45F2851252E006F444B /* AudioTrack.swift */ = {isa = PBXFileReference; lastKnownFileType = sourcecode.swift; path = AudioTrack.swift; sourceTree = "<group>"; };
		A234B46128512535006F444B /* Playlist.swift */ = {isa = PBXFileReference; lastKnownFileType = sourcecode.swift; path = Playlist.swift; sourceTree = "<group>"; };
		A234B46328512543006F444B /* UserProfile.swift */ = {isa = PBXFileReference; lastKnownFileType = sourcecode.swift; path = UserProfile.swift; sourceTree = "<group>"; };
		A2461C25284FC8C700CE27D8 /* MusicApp.app */ = {isa = PBXFileReference; explicitFileType = wrapper.application; includeInIndex = 0; path = MusicApp.app; sourceTree = BUILT_PRODUCTS_DIR; };
		A2461C28284FC8C700CE27D8 /* AppDelegate.swift */ = {isa = PBXFileReference; lastKnownFileType = sourcecode.swift; path = AppDelegate.swift; sourceTree = "<group>"; };
		A2461C2A284FC8C700CE27D8 /* SceneDelegate.swift */ = {isa = PBXFileReference; lastKnownFileType = sourcecode.swift; path = SceneDelegate.swift; sourceTree = "<group>"; };
		A2461C2C284FC8C700CE27D8 /* HomeViewController.swift */ = {isa = PBXFileReference; lastKnownFileType = sourcecode.swift; path = HomeViewController.swift; sourceTree = "<group>"; };
		A2461C31284FC8C900CE27D8 /* Assets.xcassets */ = {isa = PBXFileReference; lastKnownFileType = folder.assetcatalog; path = Assets.xcassets; sourceTree = "<group>"; };
		A2461C34284FC8C900CE27D8 /* Base */ = {isa = PBXFileReference; lastKnownFileType = file.storyboard; name = Base; path = Base.lproj/LaunchScreen.storyboard; sourceTree = "<group>"; };
		A2461C36284FC8C900CE27D8 /* Info.plist */ = {isa = PBXFileReference; lastKnownFileType = text.plist.xml; path = Info.plist; sourceTree = "<group>"; };
/* End PBXFileReference section */

/* Begin PBXFrameworksBuildPhase section */
		A2461C22284FC8C700CE27D8 /* Frameworks */ = {
			isa = PBXFrameworksBuildPhase;
			buildActionMask = 2147483647;
			files = (
			);
			runOnlyForDeploymentPostprocessing = 0;
		};
/* End PBXFrameworksBuildPhase section */

/* Begin PBXGroup section */
		A234B43B28511DB3006F444B /* Resources */ = {
			isa = PBXGroup;
			children = (
				A2461C28284FC8C700CE27D8 /* AppDelegate.swift */,
				A2461C2A284FC8C700CE27D8 /* SceneDelegate.swift */,
				A2461C31284FC8C900CE27D8 /* Assets.xcassets */,
			);
			path = Resources;
			sourceTree = "<group>";
		};
		A234B43C28511DB9006F444B /* Managers */ = {
			isa = PBXGroup;
			children = (
				A234B457285124B7006F444B /* AuthManager.swift */,
				A234B459285124C1006F444B /* APICaller.swift */,
				A234B45B285124D0006F444B /* HapticsManager.swift */,
			);
			path = Managers;
			sourceTree = "<group>";
		};
		A234B43D28511DC3006F444B /* Models */ = {
			isa = PBXGroup;
			children = (
				A234B45D28512523006F444B /* Artist.swift */,
				A234B45F2851252E006F444B /* AudioTrack.swift */,
				A234B46128512535006F444B /* Playlist.swift */,
				A234B46328512543006F444B /* UserProfile.swift */,
			);
			path = Models;
			sourceTree = "<group>";
		};
		A234B43E28511DC8006F444B /* ViewModels */ = {
			isa = PBXGroup;
			children = (
			);
			path = ViewModels;
			sourceTree = "<group>";
		};
		A234B43F28511DCE006F444B /* Views */ = {
			isa = PBXGroup;
			children = (
				A2461C33284FC8C900CE27D8 /* LaunchScreen.storyboard */,
			);
			path = Views;
			sourceTree = "<group>";
		};
		A234B44028511DDB006F444B /* Controllers */ = {
			isa = PBXGroup;
			children = (
				A234B44728512315006F444B /* Core */,
				A234B44828512344006F444B /* Other */,
			);
			path = Controllers;
			sourceTree = "<group>";
		};
		A234B44728512315006F444B /* Core */ = {
			isa = PBXGroup;
			children = (
				A234B443285122C9006F444B /* TabBarViewController.swift */,
				A2461C2C284FC8C700CE27D8 /* HomeViewController.swift */,
				A234B44128512298006F444B /* SearchViewController.swift */,
				A234B445285122FE006F444B /* LibraryViewController.swift */,
			);
			path = Core;
			sourceTree = "<group>";
		};
		A234B44828512344006F444B /* Other */ = {
			isa = PBXGroup;
			children = (
				A234B4492851235A006F444B /* AuthViewController.swift */,
				A234B44B28512396006F444B /* WelcomeViewController.swift */,
				A234B44D285123CA006F444B /* SettingsViewController.swift */,
				A234B44F285123FC006F444B /* ProfileViewController.swift */,
				A234B45128512416006F444B /* PlayerViewController.swift */,
				A234B4532851243D006F444B /* PlaylistViewController.swift */,
				A234B45528512465006F444B /* SearchResultsViewController.swift */,
			);
			path = Other;
			sourceTree = "<group>";
		};
		A2461C1C284FC8C700CE27D8 = {
			isa = PBXGroup;
			children = (
				A2461C27284FC8C700CE27D8 /* MusicApp */,
				A2461C26284FC8C700CE27D8 /* Products */,
			);
			sourceTree = "<group>";
		};
		A2461C26284FC8C700CE27D8 /* Products */ = {
			isa = PBXGroup;
			children = (
				A2461C25284FC8C700CE27D8 /* MusicApp.app */,
			);
			name = Products;
			sourceTree = "<group>";
		};
		A2461C27284FC8C700CE27D8 /* MusicApp */ = {
			isa = PBXGroup;
			children = (
				A234B43B28511DB3006F444B /* Resources */,
				A234B43C28511DB9006F444B /* Managers */,
				A234B43D28511DC3006F444B /* Models */,
				A234B43F28511DCE006F444B /* Views */,
				A234B44028511DDB006F444B /* Controllers */,
				A234B43E28511DC8006F444B /* ViewModels */,
				A2461C36284FC8C900CE27D8 /* Info.plist */,
			);
			path = MusicApp;
			sourceTree = "<group>";
		};
/* End PBXGroup section */

/* Begin PBXNativeTarget section */
		A2461C24284FC8C700CE27D8 /* MusicApp */ = {
			isa = PBXNativeTarget;
			buildConfigurationList = A2461C39284FC8C900CE27D8 /* Build configuration list for PBXNativeTarget "MusicApp" */;
			buildPhases = (
				A2461C21284FC8C700CE27D8 /* Sources */,
				A2461C22284FC8C700CE27D8 /* Frameworks */,
				A2461C23284FC8C700CE27D8 /* Resources */,
			);
			buildRules = (
			);
			dependencies = (
			);
			name = MusicApp;
			productName = MusicApp;
			productReference = A2461C25284FC8C700CE27D8 /* MusicApp.app */;
			productType = "com.apple.product-type.application";
		};
/* End PBXNativeTarget section */

/* Begin PBXProject section */
		A2461C1D284FC8C700CE27D8 /* Project object */ = {
			isa = PBXProject;
			attributes = {
				BuildIndependentTargetsInParallel = 1;
				LastSwiftUpdateCheck = 1330;
				LastUpgradeCheck = 1330;
				TargetAttributes = {
					A2461C24284FC8C700CE27D8 = {
						CreatedOnToolsVersion = 13.3.1;
					};
				};
			};
			buildConfigurationList = A2461C20284FC8C700CE27D8 /* Build configuration list for PBXProject "MusicApp" */;
			compatibilityVersion = "Xcode 13.0";
			developmentRegion = en;
			hasScannedForEncodings = 0;
			knownRegions = (
				en,
				Base,
			);
			mainGroup = A2461C1C284FC8C700CE27D8;
			productRefGroup = A2461C26284FC8C700CE27D8 /* Products */;
			projectDirPath = "";
			projectRoot = "";
			targets = (
				A2461C24284FC8C700CE27D8 /* MusicApp */,
			);
		};
/* End PBXProject section */

/* Begin PBXResourcesBuildPhase section */
		A2461C23284FC8C700CE27D8 /* Resources */ = {
			isa = PBXResourcesBuildPhase;
			buildActionMask = 2147483647;
			files = (
				A2461C35284FC8C900CE27D8 /* LaunchScreen.storyboard in Resources */,
				A2461C32284FC8C900CE27D8 /* Assets.xcassets in Resources */,
			);
			runOnlyForDeploymentPostprocessing = 0;
		};
/* End PBXResourcesBuildPhase section */

/* Begin PBXSourcesBuildPhase section */
		A2461C21284FC8C700CE27D8 /* Sources */ = {
			isa = PBXSourcesBuildPhase;
			buildActionMask = 2147483647;
			files = (
				A2461C2D284FC8C700CE27D8 /* HomeViewController.swift in Sources */,
				A234B458285124B7006F444B /* AuthManager.swift in Sources */,
				A234B45628512465006F444B /* SearchResultsViewController.swift in Sources */,
				A234B44C28512396006F444B /* WelcomeViewController.swift in Sources */,
				A234B46228512535006F444B /* Playlist.swift in Sources */,
				A234B450285123FC006F444B /* ProfileViewController.swift in Sources */,
				A2461C29284FC8C700CE27D8 /* AppDelegate.swift in Sources */,
				A234B45C285124D0006F444B /* HapticsManager.swift in Sources */,
				A234B44228512298006F444B /* SearchViewController.swift in Sources */,
				A234B4602851252E006F444B /* AudioTrack.swift in Sources */,
				A234B44A2851235A006F444B /* AuthViewController.swift in Sources */,
				A234B444285122C9006F444B /* TabBarViewController.swift in Sources */,
				A234B46428512543006F444B /* UserProfile.swift in Sources */,
				A234B446285122FE006F444B /* LibraryViewController.swift in Sources */,
				A234B4542851243D006F444B /* PlaylistViewController.swift in Sources */,
				A2461C2B284FC8C700CE27D8 /* SceneDelegate.swift in Sources */,
				A234B45228512416006F444B /* PlayerViewController.swift in Sources */,
				A234B45E28512523006F444B /* Artist.swift in Sources */,
				A234B45A285124C1006F444B /* APICaller.swift in Sources */,
				A234B44E285123CA006F444B /* SettingsViewController.swift in Sources */,
			);
			runOnlyForDeploymentPostprocessing = 0;
		};
/* End PBXSourcesBuildPhase section */

/* Begin PBXVariantGroup section */
		A2461C33284FC8C900CE27D8 /* LaunchScreen.storyboard */ = {
			isa = PBXVariantGroup;
			children = (
				A2461C34284FC8C900CE27D8 /* Base */,
			);
			name = LaunchScreen.storyboard;
			sourceTree = "<group>";
		};
/* End PBXVariantGroup section */

/* Begin XCBuildConfiguration section */
		A2461C37284FC8C900CE27D8 /* Debug */ = {
			isa = XCBuildConfiguration;
			buildSettings = {
				ALWAYS_SEARCH_USER_PATHS = NO;
				CLANG_ANALYZER_NONNULL = YES;
				CLANG_ANALYZER_NUMBER_OBJECT_CONVERSION = YES_AGGRESSIVE;
				CLANG_CXX_LANGUAGE_STANDARD = "gnu++17";
				CLANG_ENABLE_MODULES = YES;
				CLANG_ENABLE_OBJC_ARC = YES;
				CLANG_ENABLE_OBJC_WEAK = YES;
				CLANG_WARN_BLOCK_CAPTURE_AUTORELEASING = YES;
				CLANG_WARN_BOOL_CONVERSION = YES;
				CLANG_WARN_COMMA = YES;
				CLANG_WARN_CONSTANT_CONVERSION = YES;
				CLANG_WARN_DEPRECATED_OBJC_IMPLEMENTATIONS = YES;
				CLANG_WARN_DIRECT_OBJC_ISA_USAGE = YES_ERROR;
				CLANG_WARN_DOCUMENTATION_COMMENTS = YES;
				CLANG_WARN_EMPTY_BODY = YES;
				CLANG_WARN_ENUM_CONVERSION = YES;
				CLANG_WARN_INFINITE_RECURSION = YES;
				CLANG_WARN_INT_CONVERSION = YES;
				CLANG_WARN_NON_LITERAL_NULL_CONVERSION = YES;
				CLANG_WARN_OBJC_IMPLICIT_RETAIN_SELF = YES;
				CLANG_WARN_OBJC_LITERAL_CONVERSION = YES;
				CLANG_WARN_OBJC_ROOT_CLASS = YES_ERROR;
				CLANG_WARN_QUOTED_INCLUDE_IN_FRAMEWORK_HEADER = YES;
				CLANG_WARN_RANGE_LOOP_ANALYSIS = YES;
				CLANG_WARN_STRICT_PROTOTYPES = YES;
				CLANG_WARN_SUSPICIOUS_MOVE = YES;
				CLANG_WARN_UNGUARDED_AVAILABILITY = YES_AGGRESSIVE;
				CLANG_WARN_UNREACHABLE_CODE = YES;
				CLANG_WARN__DUPLICATE_METHOD_MATCH = YES;
				COPY_PHASE_STRIP = NO;
				DEBUG_INFORMATION_FORMAT = dwarf;
				ENABLE_STRICT_OBJC_MSGSEND = YES;
				ENABLE_TESTABILITY = YES;
				GCC_C_LANGUAGE_STANDARD = gnu11;
				GCC_DYNAMIC_NO_PIC = NO;
				GCC_NO_COMMON_BLOCKS = YES;
				GCC_OPTIMIZATION_LEVEL = 0;
				GCC_PREPROCESSOR_DEFINITIONS = (
					"DEBUG=1",
					"$(inherited)",
				);
				GCC_WARN_64_TO_32_BIT_CONVERSION = YES;
				GCC_WARN_ABOUT_RETURN_TYPE = YES_ERROR;
				GCC_WARN_UNDECLARED_SELECTOR = YES;
				GCC_WARN_UNINITIALIZED_AUTOS = YES_AGGRESSIVE;
				GCC_WARN_UNUSED_FUNCTION = YES;
				GCC_WARN_UNUSED_VARIABLE = YES;
				IPHONEOS_DEPLOYMENT_TARGET = 15.4;
				MTL_ENABLE_DEBUG_INFO = INCLUDE_SOURCE;
				MTL_FAST_MATH = YES;
				ONLY_ACTIVE_ARCH = YES;
				SDKROOT = iphoneos;
				SWIFT_ACTIVE_COMPILATION_CONDITIONS = DEBUG;
				SWIFT_OPTIMIZATION_LEVEL = "-Onone";
			};
			name = Debug;
		};
		A2461C38284FC8C900CE27D8 /* Release */ = {
			isa = XCBuildConfiguration;
			buildSettings = {
				ALWAYS_SEARCH_USER_PATHS = NO;
				CLANG_ANALYZER_NONNULL = YES;
				CLANG_ANALYZER_NUMBER_OBJECT_CONVERSION = YES_AGGRESSIVE;
				CLANG_CXX_LANGUAGE_STANDARD = "gnu++17";
				CLANG_ENABLE_MODULES = YES;
				CLANG_ENABLE_OBJC_ARC = YES;
				CLANG_ENABLE_OBJC_WEAK = YES;
				CLANG_WARN_BLOCK_CAPTURE_AUTORELEASING = YES;
				CLANG_WARN_BOOL_CONVERSION = YES;
				CLANG_WARN_COMMA = YES;
				CLANG_WARN_CONSTANT_CONVERSION = YES;
				CLANG_WARN_DEPRECATED_OBJC_IMPLEMENTATIONS = YES;
				CLANG_WARN_DIRECT_OBJC_ISA_USAGE = YES_ERROR;
				CLANG_WARN_DOCUMENTATION_COMMENTS = YES;
				CLANG_WARN_EMPTY_BODY = YES;
				CLANG_WARN_ENUM_CONVERSION = YES;
				CLANG_WARN_INFINITE_RECURSION = YES;
				CLANG_WARN_INT_CONVERSION = YES;
				CLANG_WARN_NON_LITERAL_NULL_CONVERSION = YES;
				CLANG_WARN_OBJC_IMPLICIT_RETAIN_SELF = YES;
				CLANG_WARN_OBJC_LITERAL_CONVERSION = YES;
				CLANG_WARN_OBJC_ROOT_CLASS = YES_ERROR;
				CLANG_WARN_QUOTED_INCLUDE_IN_FRAMEWORK_HEADER = YES;
				CLANG_WARN_RANGE_LOOP_ANALYSIS = YES;
				CLANG_WARN_STRICT_PROTOTYPES = YES;
				CLANG_WARN_SUSPICIOUS_MOVE = YES;
				CLANG_WARN_UNGUARDED_AVAILABILITY = YES_AGGRESSIVE;
				CLANG_WARN_UNREACHABLE_CODE = YES;
				CLANG_WARN__DUPLICATE_METHOD_MATCH = YES;
				COPY_PHASE_STRIP = NO;
				DEBUG_INFORMATION_FORMAT = "dwarf-with-dsym";
				ENABLE_NS_ASSERTIONS = NO;
				ENABLE_STRICT_OBJC_MSGSEND = YES;
				GCC_C_LANGUAGE_STANDARD = gnu11;
				GCC_NO_COMMON_BLOCKS = YES;
				GCC_WARN_64_TO_32_BIT_CONVERSION = YES;
				GCC_WARN_ABOUT_RETURN_TYPE = YES_ERROR;
				GCC_WARN_UNDECLARED_SELECTOR = YES;
				GCC_WARN_UNINITIALIZED_AUTOS = YES_AGGRESSIVE;
				GCC_WARN_UNUSED_FUNCTION = YES;
				GCC_WARN_UNUSED_VARIABLE = YES;
				IPHONEOS_DEPLOYMENT_TARGET = 15.4;
				MTL_ENABLE_DEBUG_INFO = NO;
				MTL_FAST_MATH = YES;
				SDKROOT = iphoneos;
				SWIFT_COMPILATION_MODE = wholemodule;
				SWIFT_OPTIMIZATION_LEVEL = "-O";
				VALIDATE_PRODUCT = YES;
			};
			name = Release;
		};
		A2461C3A284FC8C900CE27D8 /* Debug */ = {
			isa = XCBuildConfiguration;
			buildSettings = {
				ASSETCATALOG_COMPILER_APPICON_NAME = AppIcon;
				ASSETCATALOG_COMPILER_GLOBAL_ACCENT_COLOR_NAME = AccentColor;
				CODE_SIGN_STYLE = Automatic;
				CURRENT_PROJECT_VERSION = 1;
				DEVELOPMENT_TEAM = U3JHK4U826;
				GENERATE_INFOPLIST_FILE = YES;
				INFOPLIST_FILE = MusicApp/Info.plist;
				INFOPLIST_KEY_UIApplicationSupportsIndirectInputEvents = YES;
				INFOPLIST_KEY_UILaunchStoryboardName = LaunchScreen;
				INFOPLIST_KEY_UISupportedInterfaceOrientations = UIInterfaceOrientationPortrait;
				INFOPLIST_KEY_UISupportedInterfaceOrientations_iPad = "UIInterfaceOrientationPortrait UIInterfaceOrientationPortraitUpsideDown UIInterfaceOrientationLandscapeLeft UIInterfaceOrientationLandscapeRight";
				INFOPLIST_KEY_UISupportedInterfaceOrientations_iPhone = "UIInterfaceOrientationPortrait UIInterfaceOrientationLandscapeLeft UIInterfaceOrientationLandscapeRight";
				LD_RUNPATH_SEARCH_PATHS = (
					"$(inherited)",
					"@executable_path/Frameworks",
				);
				MARKETING_VERSION = 1.0;
				PRODUCT_BUNDLE_IDENTIFIER = YeoCompany.MusicApp;
				PRODUCT_NAME = "$(TARGET_NAME)";
				SWIFT_EMIT_LOC_STRINGS = YES;
				SWIFT_VERSION = 5.0;
				TARGETED_DEVICE_FAMILY = 1;
			};
			name = Debug;
		};
		A2461C3B284FC8C900CE27D8 /* Release */ = {
			isa = XCBuildConfiguration;
			buildSettings = {
				ASSETCATALOG_COMPILER_APPICON_NAME = AppIcon;
				ASSETCATALOG_COMPILER_GLOBAL_ACCENT_COLOR_NAME = AccentColor;
				CODE_SIGN_STYLE = Automatic;
				CURRENT_PROJECT_VERSION = 1;
				DEVELOPMENT_TEAM = U3JHK4U826;
				GENERATE_INFOPLIST_FILE = YES;
				INFOPLIST_FILE = MusicApp/Info.plist;
				INFOPLIST_KEY_UIApplicationSupportsIndirectInputEvents = YES;
				INFOPLIST_KEY_UILaunchStoryboardName = LaunchScreen;
				INFOPLIST_KEY_UISupportedInterfaceOrientations = UIInterfaceOrientationPortrait;
				INFOPLIST_KEY_UISupportedInterfaceOrientations_iPad = "UIInterfaceOrientationPortrait UIInterfaceOrientationPortraitUpsideDown UIInterfaceOrientationLandscapeLeft UIInterfaceOrientationLandscapeRight";
				INFOPLIST_KEY_UISupportedInterfaceOrientations_iPhone = "UIInterfaceOrientationPortrait UIInterfaceOrientationLandscapeLeft UIInterfaceOrientationLandscapeRight";
				LD_RUNPATH_SEARCH_PATHS = (
					"$(inherited)",
					"@executable_path/Frameworks",
				);
				MARKETING_VERSION = 1.0;
				PRODUCT_BUNDLE_IDENTIFIER = YeoCompany.MusicApp;
				PRODUCT_NAME = "$(TARGET_NAME)";
				SWIFT_EMIT_LOC_STRINGS = YES;
				SWIFT_VERSION = 5.0;
				TARGETED_DEVICE_FAMILY = 1;
			};
			name = Release;
		};
/* End XCBuildConfiguration section */

/* Begin XCConfigurationList section */
		A2461C20284FC8C700CE27D8 /* Build configuration list for PBXProject "MusicApp" */ = {
			isa = XCConfigurationList;
			buildConfigurations = (
				A2461C37284FC8C900CE27D8 /* Debug */,
				A2461C38284FC8C900CE27D8 /* Release */,
			);
			defaultConfigurationIsVisible = 0;
			defaultConfigurationName = Release;
		};
		A2461C39284FC8C900CE27D8 /* Build configuration list for PBXNativeTarget "MusicApp" */ = {
			isa = XCConfigurationList;
			buildConfigurations = (
				A2461C3A284FC8C900CE27D8 /* Debug */,
				A2461C3B284FC8C900CE27D8 /* Release */,
			);
			defaultConfigurationIsVisible = 0;
			defaultConfigurationName = Release;
		};
/* End XCConfigurationList section */
	};
	rootObject = A2461C1D284FC8C700CE27D8 /* Project object */;
}
